// !$*UTF8*$!
{
	archiveVersion = 1;
	classes = {
	};
	objectVersion = 50;
	objects = {

/* Begin PBXBuildFile section */
		213BA8DA23A3AB8E00447EDC /* PersistentStack.swift in Sources */ = {isa = PBXBuildFile; fileRef = 213BA8D923A3AB8E00447EDC /* PersistentStack.swift */; };
		213BA8DE23A3BE7D00447EDC /* IndependentOperation.swift in Sources */ = {isa = PBXBuildFile; fileRef = 213BA8DD23A3BE7D00447EDC /* IndependentOperation.swift */; };
		213BA8E123A3CFCB00447EDC /* FetchedResultsTableDataSource.swift in Sources */ = {isa = PBXBuildFile; fileRef = 213BA8E023A3CFCB00447EDC /* FetchedResultsTableDataSource.swift */; };
		215094AA23BB75450010DA67 /* CustomTableViewCell.swift in Sources */ = {isa = PBXBuildFile; fileRef = 215094A923BB75450010DA67 /* CustomTableViewCell.swift */; };
		217EA694239F83C600D178F3 /* CoreDataManager.swift in Sources */ = {isa = PBXBuildFile; fileRef = 217EA693239F83C600D178F3 /* CoreDataManager.swift */; };
		21A46A3D239FEC0C00DE08A9 /* NotificationImporter.swift in Sources */ = {isa = PBXBuildFile; fileRef = 21A46A3C239FEC0C00DE08A9 /* NotificationImporter.swift */; };
		21D4717C23A276EA008DD2BA /* NumberFormatter+Extension.swift in Sources */ = {isa = PBXBuildFile; fileRef = 21D4717B23A276EA008DD2BA /* NumberFormatter+Extension.swift */; };
		21D4717F23A27F12008DD2BA /* CustomAlert.swift in Sources */ = {isa = PBXBuildFile; fileRef = 21D4717E23A27F12008DD2BA /* CustomAlert.swift */; };
		21D4718123A290C1008DD2BA /* GlobalTimer.swift in Sources */ = {isa = PBXBuildFile; fileRef = 21D4718023A290C1008DD2BA /* GlobalTimer.swift */; };
		21E3D336239E76C500AD4EBC /* AppDelegate.swift in Sources */ = {isa = PBXBuildFile; fileRef = 21E3D335239E76C500AD4EBC /* AppDelegate.swift */; };
		21E3D338239E76C500AD4EBC /* SceneDelegate.swift in Sources */ = {isa = PBXBuildFile; fileRef = 21E3D337239E76C500AD4EBC /* SceneDelegate.swift */; };
		21E3D33D239E76C500AD4EBC /* Main.storyboard in Resources */ = {isa = PBXBuildFile; fileRef = 21E3D33B239E76C500AD4EBC /* Main.storyboard */; };
		21E3D33F239E76C700AD4EBC /* Assets.xcassets in Resources */ = {isa = PBXBuildFile; fileRef = 21E3D33E239E76C700AD4EBC /* Assets.xcassets */; };
		21E3D342239E76C700AD4EBC /* LaunchScreen.storyboard in Resources */ = {isa = PBXBuildFile; fileRef = 21E3D340239E76C700AD4EBC /* LaunchScreen.storyboard */; };
		21E3D34D239E76C700AD4EBC /* CoreDataPerformanceTests.swift in Sources */ = {isa = PBXBuildFile; fileRef = 21E3D34C239E76C700AD4EBC /* CoreDataPerformanceTests.swift */; };
		21E3D35F239E788400AD4EBC /* IndependentPersistentStoreViewController.swift in Sources */ = {isa = PBXBuildFile; fileRef = 21E3D35E239E788400AD4EBC /* IndependentPersistentStoreViewController.swift */; };
		21E3D361239E789700AD4EBC /* ParentChildViewController.swift in Sources */ = {isa = PBXBuildFile; fileRef = 21E3D360239E789700AD4EBC /* ParentChildViewController.swift */; };
		21E3D363239E78A800AD4EBC /* NotificationViewController.swift in Sources */ = {isa = PBXBuildFile; fileRef = 21E3D362239E78A800AD4EBC /* NotificationViewController.swift */; };
		21E3D369239E7B9A00AD4EBC /* jsonData.json in Resources */ = {isa = PBXBuildFile; fileRef = 21E3D368239E7B9A00AD4EBC /* jsonData.json */; };
		21E3D36C239E7C2700AD4EBC /* Decodable+Extension.swift in Sources */ = {isa = PBXBuildFile; fileRef = 21E3D36B239E7C2700AD4EBC /* Decodable+Extension.swift */; };
		21E3D36F239E7D2700AD4EBC /* CoreDataPerformance.xcdatamodeld in Sources */ = {isa = PBXBuildFile; fileRef = 21E3D36D239E7D2700AD4EBC /* CoreDataPerformance.xcdatamodeld */; };
		21E3D373239E7ECE00AD4EBC /* DataEntity.swift in Sources */ = {isa = PBXBuildFile; fileRef = 21E3D372239E7ECE00AD4EBC /* DataEntity.swift */; };
		21E3D375239E7F0E00AD4EBC /* DataEntity+Properties.swift in Sources */ = {isa = PBXBuildFile; fileRef = 21E3D374239E7F0E00AD4EBC /* DataEntity+Properties.swift */; };
		21E3D377239E810700AD4EBC /* String+Extension.swift in Sources */ = {isa = PBXBuildFile; fileRef = 21E3D376239E810700AD4EBC /* String+Extension.swift */; };
		21E3D37A239E82FD00AD4EBC /* Constants.swift in Sources */ = {isa = PBXBuildFile; fileRef = 21E3D379239E82FD00AD4EBC /* Constants.swift */; };
		21E3D37D239E8C8300AD4EBC /* DataModel.swift in Sources */ = {isa = PBXBuildFile; fileRef = 21E3D37C239E8C8300AD4EBC /* DataModel.swift */; };
		21E3D37F239E8F4C00AD4EBC /* ParentChildImporter.swift in Sources */ = {isa = PBXBuildFile; fileRef = 21E3D37E239E8F4C00AD4EBC /* ParentChildImporter.swift */; };
		21FC932323A1079C009A677C /* UIViewController+Extension.swift in Sources */ = {isa = PBXBuildFile; fileRef = 21FC932223A1079C009A677C /* UIViewController+Extension.swift */; };
/* End PBXBuildFile section */

/* Begin PBXContainerItemProxy section */
		21E3D349239E76C700AD4EBC /* PBXContainerItemProxy */ = {
			isa = PBXContainerItemProxy;
			containerPortal = 21E3D32A239E76C500AD4EBC /* Project object */;
			proxyType = 1;
			remoteGlobalIDString = 21E3D331239E76C500AD4EBC;
			remoteInfo = CoreDataPerformance;
		};
/* End PBXContainerItemProxy section */

/* Begin PBXFileReference section */
		213BA8D923A3AB8E00447EDC /* PersistentStack.swift */ = {isa = PBXFileReference; lastKnownFileType = sourcecode.swift; path = PersistentStack.swift; sourceTree = "<group>"; };
		213BA8DC23A3B8BD00447EDC /* jsonData.sqlite */ = {isa = PBXFileReference; lastKnownFileType = file; path = jsonData.sqlite; sourceTree = "<group>"; };
		213BA8DD23A3BE7D00447EDC /* IndependentOperation.swift */ = {isa = PBXFileReference; lastKnownFileType = sourcecode.swift; path = IndependentOperation.swift; sourceTree = "<group>"; };
		213BA8E023A3CFCB00447EDC /* FetchedResultsTableDataSource.swift */ = {isa = PBXFileReference; lastKnownFileType = sourcecode.swift; path = FetchedResultsTableDataSource.swift; sourceTree = "<group>"; };
		215094A923BB75450010DA67 /* CustomTableViewCell.swift */ = {isa = PBXFileReference; lastKnownFileType = sourcecode.swift; path = CustomTableViewCell.swift; sourceTree = "<group>"; };
		217EA693239F83C600D178F3 /* CoreDataManager.swift */ = {isa = PBXFileReference; fileEncoding = 4; lastKnownFileType = sourcecode.swift; path = CoreDataManager.swift; sourceTree = "<group>"; };
		21A46A3C239FEC0C00DE08A9 /* NotificationImporter.swift */ = {isa = PBXFileReference; lastKnownFileType = sourcecode.swift; path = NotificationImporter.swift; sourceTree = "<group>"; };
		21D4717B23A276EA008DD2BA /* NumberFormatter+Extension.swift */ = {isa = PBXFileReference; lastKnownFileType = sourcecode.swift; path = "NumberFormatter+Extension.swift"; sourceTree = "<group>"; };
		21D4717E23A27F12008DD2BA /* CustomAlert.swift */ = {isa = PBXFileReference; lastKnownFileType = sourcecode.swift; path = CustomAlert.swift; sourceTree = "<group>"; };
		21D4718023A290C1008DD2BA /* GlobalTimer.swift */ = {isa = PBXFileReference; lastKnownFileType = sourcecode.swift; path = GlobalTimer.swift; sourceTree = "<group>"; };
		21E3D332239E76C500AD4EBC /* CoreDataPerformance.app */ = {isa = PBXFileReference; explicitFileType = wrapper.application; includeInIndex = 0; path = CoreDataPerformance.app; sourceTree = BUILT_PRODUCTS_DIR; };
		21E3D335239E76C500AD4EBC /* AppDelegate.swift */ = {isa = PBXFileReference; lastKnownFileType = sourcecode.swift; path = AppDelegate.swift; sourceTree = "<group>"; };
		21E3D337239E76C500AD4EBC /* SceneDelegate.swift */ = {isa = PBXFileReference; lastKnownFileType = sourcecode.swift; path = SceneDelegate.swift; sourceTree = "<group>"; };
		21E3D33C239E76C500AD4EBC /* Base */ = {isa = PBXFileReference; lastKnownFileType = file.storyboard; name = Base; path = Base.lproj/Main.storyboard; sourceTree = "<group>"; };
		21E3D33E239E76C700AD4EBC /* Assets.xcassets */ = {isa = PBXFileReference; lastKnownFileType = folder.assetcatalog; path = Assets.xcassets; sourceTree = "<group>"; };
		21E3D341239E76C700AD4EBC /* Base */ = {isa = PBXFileReference; lastKnownFileType = file.storyboard; name = Base; path = Base.lproj/LaunchScreen.storyboard; sourceTree = "<group>"; };
		21E3D343239E76C700AD4EBC /* Info.plist */ = {isa = PBXFileReference; lastKnownFileType = text.plist.xml; path = Info.plist; sourceTree = "<group>"; };
		21E3D348239E76C700AD4EBC /* CoreDataPerformanceTests.xctest */ = {isa = PBXFileReference; explicitFileType = wrapper.cfbundle; includeInIndex = 0; path = CoreDataPerformanceTests.xctest; sourceTree = BUILT_PRODUCTS_DIR; };
		21E3D34C239E76C700AD4EBC /* CoreDataPerformanceTests.swift */ = {isa = PBXFileReference; lastKnownFileType = sourcecode.swift; path = CoreDataPerformanceTests.swift; sourceTree = "<group>"; };
		21E3D34E239E76C700AD4EBC /* Info.plist */ = {isa = PBXFileReference; lastKnownFileType = text.plist.xml; path = Info.plist; sourceTree = "<group>"; };
		21E3D35E239E788400AD4EBC /* IndependentPersistentStoreViewController.swift */ = {isa = PBXFileReference; lastKnownFileType = sourcecode.swift; path = IndependentPersistentStoreViewController.swift; sourceTree = "<group>"; };
		21E3D360239E789700AD4EBC /* ParentChildViewController.swift */ = {isa = PBXFileReference; lastKnownFileType = sourcecode.swift; path = ParentChildViewController.swift; sourceTree = "<group>"; };
		21E3D362239E78A800AD4EBC /* NotificationViewController.swift */ = {isa = PBXFileReference; lastKnownFileType = sourcecode.swift; path = NotificationViewController.swift; sourceTree = "<group>"; };
		21E3D368239E7B9A00AD4EBC /* jsonData.json */ = {isa = PBXFileReference; fileEncoding = 4; lastKnownFileType = text.json; path = jsonData.json; sourceTree = "<group>"; };
		21E3D36B239E7C2700AD4EBC /* Decodable+Extension.swift */ = {isa = PBXFileReference; lastKnownFileType = sourcecode.swift; path = "Decodable+Extension.swift"; sourceTree = "<group>"; };
		21E3D36E239E7D2700AD4EBC /* CoreDataPerformance.xcdatamodel */ = {isa = PBXFileReference; lastKnownFileType = wrapper.xcdatamodel; path = CoreDataPerformance.xcdatamodel; sourceTree = "<group>"; };
		21E3D372239E7ECE00AD4EBC /* DataEntity.swift */ = {isa = PBXFileReference; lastKnownFileType = sourcecode.swift; path = DataEntity.swift; sourceTree = "<group>"; };
		21E3D374239E7F0E00AD4EBC /* DataEntity+Properties.swift */ = {isa = PBXFileReference; lastKnownFileType = sourcecode.swift; path = "DataEntity+Properties.swift"; sourceTree = "<group>"; };
		21E3D376239E810700AD4EBC /* String+Extension.swift */ = {isa = PBXFileReference; lastKnownFileType = sourcecode.swift; path = "String+Extension.swift"; sourceTree = "<group>"; };
		21E3D379239E82FD00AD4EBC /* Constants.swift */ = {isa = PBXFileReference; lastKnownFileType = sourcecode.swift; path = Constants.swift; sourceTree = "<group>"; };
		21E3D37C239E8C8300AD4EBC /* DataModel.swift */ = {isa = PBXFileReference; lastKnownFileType = sourcecode.swift; path = DataModel.swift; sourceTree = "<group>"; };
		21E3D37E239E8F4C00AD4EBC /* ParentChildImporter.swift */ = {isa = PBXFileReference; lastKnownFileType = sourcecode.swift; path = ParentChildImporter.swift; sourceTree = "<group>"; };
		21FC932223A1079C009A677C /* UIViewController+Extension.swift */ = {isa = PBXFileReference; lastKnownFileType = sourcecode.swift; path = "UIViewController+Extension.swift"; sourceTree = "<group>"; };
/* End PBXFileReference section */

/* Begin PBXFrameworksBuildPhase section */
		21E3D32F239E76C500AD4EBC /* Frameworks */ = {
			isa = PBXFrameworksBuildPhase;
			buildActionMask = 2147483647;
			files = (
			);
			runOnlyForDeploymentPostprocessing = 0;
		};
		21E3D345239E76C700AD4EBC /* Frameworks */ = {
			isa = PBXFrameworksBuildPhase;
			buildActionMask = 2147483647;
			files = (
			);
			runOnlyForDeploymentPostprocessing = 0;
		};
/* End PBXFrameworksBuildPhase section */

/* Begin PBXGroup section */
		213BA8D723A3AB5700447EDC /* Independent */ = {
			isa = PBXGroup;
			children = (
				213BA8D823A3AB6600447EDC /* PesistentStack */,
				213BA8DD23A3BE7D00447EDC /* IndependentOperation.swift */,
			);
			path = Independent;
			sourceTree = "<group>";
		};
		213BA8D823A3AB6600447EDC /* PesistentStack */ = {
			isa = PBXGroup;
			children = (
				213BA8D923A3AB8E00447EDC /* PersistentStack.swift */,
			);
			path = PesistentStack;
			sourceTree = "<group>";
		};
		213BA8DB23A3B8B700447EDC /* SQLiteFile */ = {
			isa = PBXGroup;
			children = (
				213BA8DC23A3B8BD00447EDC /* jsonData.sqlite */,
			);
			path = SQLiteFile;
			sourceTree = "<group>";
		};
		213BA8DF23A3CFC400447EDC /* TableDataSource */ = {
			isa = PBXGroup;
			children = (
				213BA8E023A3CFCB00447EDC /* FetchedResultsTableDataSource.swift */,
			);
			path = TableDataSource;
			sourceTree = "<group>";
		};
		215094A823BB752D0010DA67 /* View */ = {
			isa = PBXGroup;
			children = (
				215094A923BB75450010DA67 /* CustomTableViewCell.swift */,
			);
			path = View;
			sourceTree = "<group>";
		};
		21A46A3B239FEBFB00DE08A9 /* Notification */ = {
			isa = PBXGroup;
			children = (
				21A46A3C239FEC0C00DE08A9 /* NotificationImporter.swift */,
			);
			path = Notification;
			sourceTree = "<group>";
		};
		21D4717D23A27EF3008DD2BA /* Utils */ = {
			isa = PBXGroup;
			children = (
				21D4717E23A27F12008DD2BA /* CustomAlert.swift */,
				21D4718023A290C1008DD2BA /* GlobalTimer.swift */,
			);
			path = Utils;
			sourceTree = "<group>";
		};
		21E3D329239E76C500AD4EBC = {
			isa = PBXGroup;
			children = (
				21E3D334239E76C500AD4EBC /* CoreDataPerformance */,
				21E3D34B239E76C700AD4EBC /* CoreDataPerformanceTests */,
				21E3D333239E76C500AD4EBC /* Products */,
			);
			sourceTree = "<group>";
		};
		21E3D333239E76C500AD4EBC /* Products */ = {
			isa = PBXGroup;
			children = (
				21E3D332239E76C500AD4EBC /* CoreDataPerformance.app */,
				21E3D348239E76C700AD4EBC /* CoreDataPerformanceTests.xctest */,
			);
			name = Products;
			sourceTree = "<group>";
		};
		21E3D334239E76C500AD4EBC /* CoreDataPerformance */ = {
			isa = PBXGroup;
			children = (
				215094A823BB752D0010DA67 /* View */,
				213BA8DF23A3CFC400447EDC /* TableDataSource */,
				21D4717D23A27EF3008DD2BA /* Utils */,
				21E3D37B239E8C7700AD4EBC /* Model */,
				21E3D371239E7EC000AD4EBC /* CoreData */,
				21E3D370239E7DAD00AD4EBC /* Resource */,
				21E3D36A239E7BFC00AD4EBC /* Extension */,
				21E3D365239E7A5600AD4EBC /* Importer */,
				21E3D364239E7A4100AD4EBC /* Controller */,
				21E3D335239E76C500AD4EBC /* AppDelegate.swift */,
				21E3D337239E76C500AD4EBC /* SceneDelegate.swift */,
				21E3D33B239E76C500AD4EBC /* Main.storyboard */,
				21E3D33E239E76C700AD4EBC /* Assets.xcassets */,
				21E3D340239E76C700AD4EBC /* LaunchScreen.storyboard */,
				21E3D343239E76C700AD4EBC /* Info.plist */,
				21E3D36D239E7D2700AD4EBC /* CoreDataPerformance.xcdatamodeld */,
			);
			path = CoreDataPerformance;
			sourceTree = "<group>";
		};
		21E3D34B239E76C700AD4EBC /* CoreDataPerformanceTests */ = {
			isa = PBXGroup;
			children = (
				21E3D34C239E76C700AD4EBC /* CoreDataPerformanceTests.swift */,
				21E3D34E239E76C700AD4EBC /* Info.plist */,
			);
			path = CoreDataPerformanceTests;
			sourceTree = "<group>";
		};
		21E3D357239E780600AD4EBC /* NotificationViewController */ = {
			isa = PBXGroup;
			children = (
				21E3D362239E78A800AD4EBC /* NotificationViewController.swift */,
			);
			path = NotificationViewController;
			sourceTree = "<group>";
		};
		21E3D358239E781000AD4EBC /* ParentChildController */ = {
			isa = PBXGroup;
			children = (
				21E3D360239E789700AD4EBC /* ParentChildViewController.swift */,
			);
			path = ParentChildController;
			sourceTree = "<group>";
		};
		21E3D359239E782100AD4EBC /* IndependentPersistentStoreViewController */ = {
			isa = PBXGroup;
			children = (
				21E3D35E239E788400AD4EBC /* IndependentPersistentStoreViewController.swift */,
			);
			path = IndependentPersistentStoreViewController;
			sourceTree = "<group>";
		};
		21E3D364239E7A4100AD4EBC /* Controller */ = {
			isa = PBXGroup;
			children = (
				21E3D357239E780600AD4EBC /* NotificationViewController */,
				21E3D358239E781000AD4EBC /* ParentChildController */,
				21E3D359239E782100AD4EBC /* IndependentPersistentStoreViewController */,
			);
			path = Controller;
			sourceTree = "<group>";
		};
		21E3D365239E7A5600AD4EBC /* Importer */ = {
			isa = PBXGroup;
			children = (
				213BA8D723A3AB5700447EDC /* Independent */,
				21A46A3B239FEBFB00DE08A9 /* Notification */,
				21E3D366239E7A6200AD4EBC /* ParentChild */,
			);
			path = Importer;
			sourceTree = "<group>";
		};
		21E3D366239E7A6200AD4EBC /* ParentChild */ = {
			isa = PBXGroup;
			children = (
				21E3D37E239E8F4C00AD4EBC /* ParentChildImporter.swift */,
			);
			path = ParentChild;
			sourceTree = "<group>";
		};
		21E3D367239E7B9200AD4EBC /* JSONData */ = {
			isa = PBXGroup;
			children = (
				21E3D368239E7B9A00AD4EBC /* jsonData.json */,
			);
			path = JSONData;
			sourceTree = "<group>";
		};
		21E3D36A239E7BFC00AD4EBC /* Extension */ = {
			isa = PBXGroup;
			children = (
				21E3D36B239E7C2700AD4EBC /* Decodable+Extension.swift */,
				21E3D376239E810700AD4EBC /* String+Extension.swift */,
				21FC932223A1079C009A677C /* UIViewController+Extension.swift */,
				21D4717B23A276EA008DD2BA /* NumberFormatter+Extension.swift */,
			);
			path = Extension;
			sourceTree = "<group>";
		};
		21E3D370239E7DAD00AD4EBC /* Resource */ = {
			isa = PBXGroup;
			children = (
				213BA8DB23A3B8B700447EDC /* SQLiteFile */,
				21E3D378239E82F200AD4EBC /* Constants */,
				21E3D367239E7B9200AD4EBC /* JSONData */,
			);
			path = Resource;
			sourceTree = "<group>";
		};
		21E3D371239E7EC000AD4EBC /* CoreData */ = {
			isa = PBXGroup;
			children = (
				217EA693239F83C600D178F3 /* CoreDataManager.swift */,
				21E3D372239E7ECE00AD4EBC /* DataEntity.swift */,
				21E3D374239E7F0E00AD4EBC /* DataEntity+Properties.swift */,
			);
			path = CoreData;
			sourceTree = "<group>";
		};
		21E3D378239E82F200AD4EBC /* Constants */ = {
			isa = PBXGroup;
			children = (
				21E3D379239E82FD00AD4EBC /* Constants.swift */,
			);
			path = Constants;
			sourceTree = "<group>";
		};
		21E3D37B239E8C7700AD4EBC /* Model */ = {
			isa = PBXGroup;
			children = (
				21E3D37C239E8C8300AD4EBC /* DataModel.swift */,
			);
			path = Model;
			sourceTree = "<group>";
		};
/* End PBXGroup section */

/* Begin PBXNativeTarget section */
		21E3D331239E76C500AD4EBC /* CoreDataPerformance */ = {
			isa = PBXNativeTarget;
			buildConfigurationList = 21E3D351239E76C700AD4EBC /* Build configuration list for PBXNativeTarget "CoreDataPerformance" */;
			buildPhases = (
				21E3D32E239E76C500AD4EBC /* Sources */,
				21E3D32F239E76C500AD4EBC /* Frameworks */,
				21E3D330239E76C500AD4EBC /* Resources */,
			);
			buildRules = (
			);
			dependencies = (
			);
			name = CoreDataPerformance;
			productName = CoreDataPerformance;
			productReference = 21E3D332239E76C500AD4EBC /* CoreDataPerformance.app */;
			productType = "com.apple.product-type.application";
		};
		21E3D347239E76C700AD4EBC /* CoreDataPerformanceTests */ = {
			isa = PBXNativeTarget;
			buildConfigurationList = 21E3D354239E76C700AD4EBC /* Build configuration list for PBXNativeTarget "CoreDataPerformanceTests" */;
			buildPhases = (
				21E3D344239E76C700AD4EBC /* Sources */,
				21E3D345239E76C700AD4EBC /* Frameworks */,
				21E3D346239E76C700AD4EBC /* Resources */,
			);
			buildRules = (
			);
			dependencies = (
				21E3D34A239E76C700AD4EBC /* PBXTargetDependency */,
			);
			name = CoreDataPerformanceTests;
			productName = CoreDataPerformanceTests;
			productReference = 21E3D348239E76C700AD4EBC /* CoreDataPerformanceTests.xctest */;
			productType = "com.apple.product-type.bundle.unit-test";
		};
/* End PBXNativeTarget section */

/* Begin PBXProject section */
		21E3D32A239E76C500AD4EBC /* Project object */ = {
			isa = PBXProject;
			attributes = {
				LastSwiftUpdateCheck = 1120;
				LastUpgradeCheck = 1120;
				ORGANIZATIONNAME = "Gagan Vishal";
				TargetAttributes = {
					21E3D331239E76C500AD4EBC = {
						CreatedOnToolsVersion = 11.2.1;
					};
					21E3D347239E76C700AD4EBC = {
						CreatedOnToolsVersion = 11.2.1;
						TestTargetID = 21E3D331239E76C500AD4EBC;
					};
				};
			};
			buildConfigurationList = 21E3D32D239E76C500AD4EBC /* Build configuration list for PBXProject "CoreDataPerformance" */;
			compatibilityVersion = "Xcode 9.3";
			developmentRegion = en;
			hasScannedForEncodings = 0;
			knownRegions = (
				en,
				Base,
			);
			mainGroup = 21E3D329239E76C500AD4EBC;
			productRefGroup = 21E3D333239E76C500AD4EBC /* Products */;
			projectDirPath = "";
			projectRoot = "";
			targets = (
				21E3D331239E76C500AD4EBC /* CoreDataPerformance */,
				21E3D347239E76C700AD4EBC /* CoreDataPerformanceTests */,
			);
		};
/* End PBXProject section */

/* Begin PBXResourcesBuildPhase section */
		21E3D330239E76C500AD4EBC /* Resources */ = {
			isa = PBXResourcesBuildPhase;
			buildActionMask = 2147483647;
			files = (
				21E3D342239E76C700AD4EBC /* LaunchScreen.storyboard in Resources */,
				21E3D33F239E76C700AD4EBC /* Assets.xcassets in Resources */,
				21E3D369239E7B9A00AD4EBC /* jsonData.json in Resources */,
				21E3D33D239E76C500AD4EBC /* Main.storyboard in Resources */,
			);
			runOnlyForDeploymentPostprocessing = 0;
		};
		21E3D346239E76C700AD4EBC /* Resources */ = {
			isa = PBXResourcesBuildPhase;
			buildActionMask = 2147483647;
			files = (
			);
			runOnlyForDeploymentPostprocessing = 0;
		};
/* End PBXResourcesBuildPhase section */

/* Begin PBXSourcesBuildPhase section */
		21E3D32E239E76C500AD4EBC /* Sources */ = {
			isa = PBXSourcesBuildPhase;
			buildActionMask = 2147483647;
			files = (
				21FC932323A1079C009A677C /* UIViewController+Extension.swift in Sources */,
				21E3D377239E810700AD4EBC /* String+Extension.swift in Sources */,
				213BA8E123A3CFCB00447EDC /* FetchedResultsTableDataSource.swift in Sources */,
				21E3D37A239E82FD00AD4EBC /* Constants.swift in Sources */,
				21D4717F23A27F12008DD2BA /* CustomAlert.swift in Sources */,
				21E3D375239E7F0E00AD4EBC /* DataEntity+Properties.swift in Sources */,
				213BA8DE23A3BE7D00447EDC /* IndependentOperation.swift in Sources */,
				215094AA23BB75450010DA67 /* CustomTableViewCell.swift in Sources */,
				21E3D37F239E8F4C00AD4EBC /* ParentChildImporter.swift in Sources */,
				21E3D36F239E7D2700AD4EBC /* CoreDataPerformance.xcdatamodeld in Sources */,
				21E3D363239E78A800AD4EBC /* NotificationViewController.swift in Sources */,
				21A46A3D239FEC0C00DE08A9 /* NotificationImporter.swift in Sources */,
				21E3D37D239E8C8300AD4EBC /* DataModel.swift in Sources */,
				21E3D373239E7ECE00AD4EBC /* DataEntity.swift in Sources */,
				21E3D36C239E7C2700AD4EBC /* Decodable+Extension.swift in Sources */,
				21E3D336239E76C500AD4EBC /* AppDelegate.swift in Sources */,
				21E3D35F239E788400AD4EBC /* IndependentPersistentStoreViewController.swift in Sources */,
				21E3D361239E789700AD4EBC /* ParentChildViewController.swift in Sources */,
				21D4718123A290C1008DD2BA /* GlobalTimer.swift in Sources */,
				213BA8DA23A3AB8E00447EDC /* PersistentStack.swift in Sources */,
				21D4717C23A276EA008DD2BA /* NumberFormatter+Extension.swift in Sources */,
				217EA694239F83C600D178F3 /* CoreDataManager.swift in Sources */,
				21E3D338239E76C500AD4EBC /* SceneDelegate.swift in Sources */,
			);
			runOnlyForDeploymentPostprocessing = 0;
		};
		21E3D344239E76C700AD4EBC /* Sources */ = {
			isa = PBXSourcesBuildPhase;
			buildActionMask = 2147483647;
			files = (
				21E3D34D239E76C700AD4EBC /* CoreDataPerformanceTests.swift in Sources */,
			);
			runOnlyForDeploymentPostprocessing = 0;
		};
/* End PBXSourcesBuildPhase section */

/* Begin PBXTargetDependency section */
		21E3D34A239E76C700AD4EBC /* PBXTargetDependency */ = {
			isa = PBXTargetDependency;
			target = 21E3D331239E76C500AD4EBC /* CoreDataPerformance */;
			targetProxy = 21E3D349239E76C700AD4EBC /* PBXContainerItemProxy */;
		};
/* End PBXTargetDependency section */

/* Begin PBXVariantGroup section */
		21E3D33B239E76C500AD4EBC /* Main.storyboard */ = {
			isa = PBXVariantGroup;
			children = (
				21E3D33C239E76C500AD4EBC /* Base */,
			);
			name = Main.storyboard;
			sourceTree = "<group>";
		};
		21E3D340239E76C700AD4EBC /* LaunchScreen.storyboard */ = {
			isa = PBXVariantGroup;
			children = (
				21E3D341239E76C700AD4EBC /* Base */,
			);
			name = LaunchScreen.storyboard;
			sourceTree = "<group>";
		};
/* End PBXVariantGroup section */

/* Begin XCBuildConfiguration section */
		21E3D34F239E76C700AD4EBC /* Debug */ = {
			isa = XCBuildConfiguration;
			buildSettings = {
				ALWAYS_SEARCH_USER_PATHS = NO;
				CLANG_ANALYZER_NONNULL = YES;
				CLANG_ANALYZER_NUMBER_OBJECT_CONVERSION = YES_AGGRESSIVE;
				CLANG_CXX_LANGUAGE_STANDARD = "gnu++14";
				CLANG_CXX_LIBRARY = "libc++";
				CLANG_ENABLE_MODULES = YES;
				CLANG_ENABLE_OBJC_ARC = YES;
				CLANG_ENABLE_OBJC_WEAK = YES;
				CLANG_WARN_BLOCK_CAPTURE_AUTORELEASING = YES;
				CLANG_WARN_BOOL_CONVERSION = YES;
				CLANG_WARN_COMMA = YES;
				CLANG_WARN_CONSTANT_CONVERSION = YES;
				CLANG_WARN_DEPRECATED_OBJC_IMPLEMENTATIONS = YES;
				CLANG_WARN_DIRECT_OBJC_ISA_USAGE = YES_ERROR;
				CLANG_WARN_DOCUMENTATION_COMMENTS = YES;
				CLANG_WARN_EMPTY_BODY = YES;
				CLANG_WARN_ENUM_CONVERSION = YES;
				CLANG_WARN_INFINITE_RECURSION = YES;
				CLANG_WARN_INT_CONVERSION = YES;
				CLANG_WARN_NON_LITERAL_NULL_CONVERSION = YES;
				CLANG_WARN_OBJC_IMPLICIT_RETAIN_SELF = YES;
				CLANG_WARN_OBJC_LITERAL_CONVERSION = YES;
				CLANG_WARN_OBJC_ROOT_CLASS = YES_ERROR;
				CLANG_WARN_RANGE_LOOP_ANALYSIS = YES;
				CLANG_WARN_STRICT_PROTOTYPES = YES;
				CLANG_WARN_SUSPICIOUS_MOVE = YES;
				CLANG_WARN_UNGUARDED_AVAILABILITY = YES_AGGRESSIVE;
				CLANG_WARN_UNREACHABLE_CODE = YES;
				CLANG_WARN__DUPLICATE_METHOD_MATCH = YES;
				COPY_PHASE_STRIP = NO;
				DEBUG_INFORMATION_FORMAT = dwarf;
				ENABLE_STRICT_OBJC_MSGSEND = YES;
				ENABLE_TESTABILITY = YES;
				GCC_C_LANGUAGE_STANDARD = gnu11;
				GCC_DYNAMIC_NO_PIC = NO;
				GCC_NO_COMMON_BLOCKS = YES;
				GCC_OPTIMIZATION_LEVEL = 0;
				GCC_PREPROCESSOR_DEFINITIONS = (
					"DEBUG=1",
					"$(inherited)",
				);
				GCC_WARN_64_TO_32_BIT_CONVERSION = YES;
				GCC_WARN_ABOUT_RETURN_TYPE = YES_ERROR;
				GCC_WARN_UNDECLARED_SELECTOR = YES;
				GCC_WARN_UNINITIALIZED_AUTOS = YES_AGGRESSIVE;
				GCC_WARN_UNUSED_FUNCTION = YES;
				GCC_WARN_UNUSED_VARIABLE = YES;
				IPHONEOS_DEPLOYMENT_TARGET = 13.2;
				MTL_ENABLE_DEBUG_INFO = INCLUDE_SOURCE;
				MTL_FAST_MATH = YES;
				ONLY_ACTIVE_ARCH = YES;
				SDKROOT = iphoneos;
				SWIFT_ACTIVE_COMPILATION_CONDITIONS = DEBUG;
				SWIFT_OPTIMIZATION_LEVEL = "-Onone";
			};
			name = Debug;
		};
		21E3D350239E76C700AD4EBC /* Release */ = {
			isa = XCBuildConfiguration;
			buildSettings = {
				ALWAYS_SEARCH_USER_PATHS = NO;
				CLANG_ANALYZER_NONNULL = YES;
				CLANG_ANALYZER_NUMBER_OBJECT_CONVERSION = YES_AGGRESSIVE;
				CLANG_CXX_LANGUAGE_STANDARD = "gnu++14";
				CLANG_CXX_LIBRARY = "libc++";
				CLANG_ENABLE_MODULES = YES;
				CLANG_ENABLE_OBJC_ARC = YES;
				CLANG_ENABLE_OBJC_WEAK = YES;
				CLANG_WARN_BLOCK_CAPTURE_AUTORELEASING = YES;
				CLANG_WARN_BOOL_CONVERSION = YES;
				CLANG_WARN_COMMA = YES;
				CLANG_WARN_CONSTANT_CONVERSION = YES;
				CLANG_WARN_DEPRECATED_OBJC_IMPLEMENTATIONS = YES;
				CLANG_WARN_DIRECT_OBJC_ISA_USAGE = YES_ERROR;
				CLANG_WARN_DOCUMENTATION_COMMENTS = YES;
				CLANG_WARN_EMPTY_BODY = YES;
				CLANG_WARN_ENUM_CONVERSION = YES;
				CLANG_WARN_INFINITE_RECURSION = YES;
				CLANG_WARN_INT_CONVERSION = YES;
				CLANG_WARN_NON_LITERAL_NULL_CONVERSION = YES;
				CLANG_WARN_OBJC_IMPLICIT_RETAIN_SELF = YES;
				CLANG_WARN_OBJC_LITERAL_CONVERSION = YES;
				CLANG_WARN_OBJC_ROOT_CLASS = YES_ERROR;
				CLANG_WARN_RANGE_LOOP_ANALYSIS = YES;
				CLANG_WARN_STRICT_PROTOTYPES = YES;
				CLANG_WARN_SUSPICIOUS_MOVE = YES;
				CLANG_WARN_UNGUARDED_AVAILABILITY = YES_AGGRESSIVE;
				CLANG_WARN_UNREACHABLE_CODE = YES;
				CLANG_WARN__DUPLICATE_METHOD_MATCH = YES;
				COPY_PHASE_STRIP = NO;
				DEBUG_INFORMATION_FORMAT = "dwarf-with-dsym";
				ENABLE_NS_ASSERTIONS = NO;
				ENABLE_STRICT_OBJC_MSGSEND = YES;
				GCC_C_LANGUAGE_STANDARD = gnu11;
				GCC_NO_COMMON_BLOCKS = YES;
				GCC_WARN_64_TO_32_BIT_CONVERSION = YES;
				GCC_WARN_ABOUT_RETURN_TYPE = YES_ERROR;
				GCC_WARN_UNDECLARED_SELECTOR = YES;
				GCC_WARN_UNINITIALIZED_AUTOS = YES_AGGRESSIVE;
				GCC_WARN_UNUSED_FUNCTION = YES;
				GCC_WARN_UNUSED_VARIABLE = YES;
				IPHONEOS_DEPLOYMENT_TARGET = 13.2;
				MTL_ENABLE_DEBUG_INFO = NO;
				MTL_FAST_MATH = YES;
				SDKROOT = iphoneos;
				SWIFT_COMPILATION_MODE = wholemodule;
				SWIFT_OPTIMIZATION_LEVEL = "-O";
				VALIDATE_PRODUCT = YES;
			};
			name = Release;
		};
		21E3D352239E76C700AD4EBC /* Debug */ = {
			isa = XCBuildConfiguration;
			buildSettings = {
				ASSETCATALOG_COMPILER_APPICON_NAME = AppIcon;
				CODE_SIGN_STYLE = Automatic;
				DEVELOPMENT_TEAM = 6V63C69JJF;
				INFOPLIST_FILE = CoreDataPerformance/Info.plist;
				LD_RUNPATH_SEARCH_PATHS = (
					"$(inherited)",
					"@executable_path/Frameworks",
				);
				PRODUCT_BUNDLE_IDENTIFIER = za.co.momentum.multiply.money;
				PRODUCT_NAME = "$(TARGET_NAME)";
				SWIFT_VERSION = 5.0;
				TARGETED_DEVICE_FAMILY = "1,2";
			};
			name = Debug;
		};
		21E3D353239E76C700AD4EBC /* Release */ = {
			isa = XCBuildConfiguration;
			buildSettings = {
				ASSETCATALOG_COMPILER_APPICON_NAME = AppIcon;
				CODE_SIGN_STYLE = Automatic;
				DEVELOPMENT_TEAM = 6V63C69JJF;
				INFOPLIST_FILE = CoreDataPerformance/Info.plist;
				LD_RUNPATH_SEARCH_PATHS = (
					"$(inherited)",
					"@executable_path/Frameworks",
				);
				PRODUCT_BUNDLE_IDENTIFIER = za.co.momentum.multiply.money;
				PRODUCT_NAME = "$(TARGET_NAME)";
				SWIFT_VERSION = 5.0;
				TARGETED_DEVICE_FAMILY = "1,2";
			};
			name = Release;
		};
		21E3D355239E76C700AD4EBC /* Debug */ = {
			isa = XCBuildConfiguration;
			buildSettings = {
				ALWAYS_EMBED_SWIFT_STANDARD_LIBRARIES = YES;
				BUNDLE_LOADER = "$(TEST_HOST)";
				CODE_SIGN_STYLE = Automatic;
				INFOPLIST_FILE = CoreDataPerformanceTests/Info.plist;
				IPHONEOS_DEPLOYMENT_TARGET = 13.2;
				LD_RUNPATH_SEARCH_PATHS = (
					"$(inherited)",
					"@executable_path/Frameworks",
					"@loader_path/Frameworks",
				);
				PRODUCT_BUNDLE_IDENTIFIER = com.test.CoreDataPerformanceTests;
				PRODUCT_NAME = "$(TARGET_NAME)";
				SWIFT_VERSION = 5.0;
				TARGETED_DEVICE_FAMILY = "1,2";
				TEST_HOST = "$(BUILT_PRODUCTS_DIR)/CoreDataPerformance.app/CoreDataPerformance";
			};
			name = Debug;
		};
		21E3D356239E76C700AD4EBC /* Release */ = {
			isa = XCBuildConfiguration;
			buildSettings = {
				ALWAYS_EMBED_SWIFT_STANDARD_LIBRARIES = YES;
				BUNDLE_LOADER = "$(TEST_HOST)";
				CODE_SIGN_STYLE = Automatic;
				INFOPLIST_FILE = CoreDataPerformanceTests/Info.plist;
				IPHONEOS_DEPLOYMENT_TARGET = 13.2;
				LD_RUNPATH_SEARCH_PATHS = (
					"$(inherited)",
					"@executable_path/Frameworks",
					"@loader_path/Frameworks",
				);
				PRODUCT_BUNDLE_IDENTIFIER = com.test.CoreDataPerformanceTests;
				PRODUCT_NAME = "$(TARGET_NAME)";
				SWIFT_VERSION = 5.0;
				TARGETED_DEVICE_FAMILY = "1,2";
				TEST_HOST = "$(BUILT_PRODUCTS_DIR)/CoreDataPerformance.app/CoreDataPerformance";
			};
			name = Release;
		};
/* End XCBuildConfiguration section */

/* Begin XCConfigurationList section */
		21E3D32D239E76C500AD4EBC /* Build configuration list for PBXProject "CoreDataPerformance" */ = {
			isa = XCConfigurationList;
			buildConfigurations = (
				21E3D34F239E76C700AD4EBC /* Debug */,
				21E3D350239E76C700AD4EBC /* Release */,
			);
			defaultConfigurationIsVisible = 0;
			defaultConfigurationName = Release;
		};
		21E3D351239E76C700AD4EBC /* Build configuration list for PBXNativeTarget "CoreDataPerformance" */ = {
			isa = XCConfigurationList;
			buildConfigurations = (
				21E3D352239E76C700AD4EBC /* Debug */,
				21E3D353239E76C700AD4EBC /* Release */,
			);
			defaultConfigurationIsVisible = 0;
			defaultConfigurationName = Release;
		};
		21E3D354239E76C700AD4EBC /* Build configuration list for PBXNativeTarget "CoreDataPerformanceTests" */ = {
			isa = XCConfigurationList;
			buildConfigurations = (
				21E3D355239E76C700AD4EBC /* Debug */,
				21E3D356239E76C700AD4EBC /* Release */,
			);
			defaultConfigurationIsVisible = 0;
			defaultConfigurationName = Release;
		};
/* End XCConfigurationList section */

/* Begin XCVersionGroup section */
		21E3D36D239E7D2700AD4EBC /* CoreDataPerformance.xcdatamodeld */ = {
			isa = XCVersionGroup;
			children = (
				21E3D36E239E7D2700AD4EBC /* CoreDataPerformance.xcdatamodel */,
			);
			currentVersion = 21E3D36E239E7D2700AD4EBC /* CoreDataPerformance.xcdatamodel */;
			path = CoreDataPerformance.xcdatamodeld;
			sourceTree = "<group>";
			versionGroupType = wrapper.xcdatamodel;
		};
/* End XCVersionGroup section */
	};
	rootObject = 21E3D32A239E76C500AD4EBC /* Project object */;
}
